PATH
  remote: .
  specs:
    typst-rails (0.1.0)
      nokogiri (~> 1.13)
      reverse_markdown (~> 2.0)

GEM
  remote: https://rubygems.org/
  specs:
    ansi (1.5.0)
    ast (2.4.3)
    builder (3.3.0)
    docile (1.4.1)
    json (2.16.0)
    language_server-protocol (3.17.0.5)
    lint_roller (1.1.0)
    mini_portile2 (2.8.9)
    minitest (5.25.5)
    minitest-reporters (1.7.1)
      ansi
      builder
      minitest (>= 5.0)
      ruby-progressbar
    mocha (2.8.2)
      ruby2_keywords (>= 0.0.5)
    nokogiri (1.18.8)
      mini_portile2 (~> 2.8.2)
      racc (~> 1.4)
    nokogiri (1.18.8-aarch64-linux-gnu)
      racc (~> 1.4)
    nokogiri (1.18.8-aarch64-linux-musl)
      racc (~> 1.4)
    nokogiri (1.18.8-arm-linux-gnu)
      racc (~> 1.4)
    nokogiri (1.18.8-arm-linux-musl)
      racc (~> 1.4)
    nokogiri (1.18.8-arm64-darwin)
      racc (~> 1.4)
    nokogiri (1.18.8-x86_64-darwin)
      racc (~> 1.4)
    nokogiri (1.18.8-x86_64-linux-gnu)
      racc (~> 1.4)
    nokogiri (1.18.8-x86_64-linux-musl)
      racc (~> 1.4)
    parallel (1.27.0)
    parser (3.3.10.0)
      ast (~> 2.4.1)
      racc
    prism (1.6.0)
    racc (1.8.1)
    rainbow (3.1.1)
    rake (13.3.0)
    rake-compiler-dock (1.12.0)
    rb_sys (0.9.129)
      rake-compiler-dock (= 1.12.0)
    regexp_parser (2.11.3)
    reverse_markdown (2.1.1)
      nokogiri
    rubocop (1.81.7)
      json (~> 2.3)
      language_server-protocol (~> 3.17.0.2)
      lint_roller (~> 1.1.0)
      parallel (~> 1.10)
      parser (>= 3.3.0.2)
      rainbow (>= 2.2.2, < 4.0)
      regexp_parser (>= 2.9.3, < 3.0)
      rubocop-ast (>= 1.47.1, < 2.0)
      ruby-progressbar (~> 1.7)
      unicode-display_width (>= 2.4.0, < 4.0)
    rubocop-ast (1.48.0)
      parser (>= 3.3.7.2)
      prism (~> 1.4)
    rubocop-minitest (0.40.0)
      lint_roller (~> 1.1)
      rubocop (>= 1.75.0, < 2.0)
      rubocop-ast (>= 1.38.0, < 2.0)
    rubocop-rake (0.7.1)
      lint_roller (~> 1.1)
      rubocop (>= 1.72.1)
    ruby-progressbar (1.13.0)
    ruby2_keywords (0.0.5)
    rubyzip (3.5.0)
    simplecov (0.22.0)
      docile (~> 1.1)
      simplecov-html (~> 0.11)
      simplecov_json_formatter (~> 0.1)
    simplecov-html (0.13.2)
    simplecov_json_formatter (0.1.4)
    typst (0.15.1.5)
      rb_sys (~> 0.9, >= 0.9.128)
      rubyzip (~> 3.2)
    typst (0.15.1.5-aarch64-linux)
      rubyzip (~> 3.2)
    typst (0.15.1.5-aarch64-linux-musl)
      rubyzip (~> 3.2)
    typst (0.15.1.5-arm64-darwin)
      rubyzip (~> 3.2)
    typst (0.15.1.5-x86_64-darwin)
      rubyzip (~> 3.2)
    typst (0.15.1.5-x86_64-linux)
      rubyzip (~> 3.2)
    typst (0.15.1.5-x86_64-linux-musl)
      rubyzip (~> 3.2)
    unicode-display_width (3.2.0)
      unicode-emoji (~> 4.1)
    unicode-emoji (4.1.0)

PLATFORMS
  aarch64-linux-gnu
  aarch64-linux-musl
  arm-linux-gnu
  arm-linux-musl
  arm64-darwin
  x86_64-darwin
  x86_64-linux-gnu
  x86_64-linux-musl

DEPENDENCIES
  bundler (>= 2.0)
  minitest (~> 5.0)
  minitest-reporters (~> 1.5)
  mocha (~> 2.0)
  rake (>= 12.0)
  rubocop (~> 1.50)
  rubocop-minitest (~> 0.36)
  rubocop-rake (~> 0.6)
  simplecov (~> 0.22)
  typst (>= 0.15)
  typst-rails!

BUNDLED WITH
   2.6.6
